
Microsoft Visual Studio Solution File, Format Version 12.00
# Visual Studio Version 17
VisualStudioVersion = 17.10.35013.160
MinimumVisualStudioVersion = 10.0.40219.1
Project("{FAE04EC0-301F-11D3-BF4B-00C04F79EFBC}") = "loggin", "loggin.csproj", "{55447EAB-E8F5-432E-9A1F-E347A2BC4A76}"
EndProject
Global
	GlobalSection(SolutionConfigurationPlatforms) = preSolution
		Debug|Any CPU = Debug|Any CPU
		Release|Any CPU = Release|Any CPU
	EndGlobalSection
	GlobalSection(ProjectConfigurationPlatforms) = postSolution
		{55447EAB-E8F5-432E-9A1F-E347A2BC4A76}.Debug|Any CPU.ActiveCfg = Debug|Any CPU
		{55447EAB-E8F5-432E-9A1F-E347A2BC4A76}.Debug|Any CPU.Build.0 = Debug|Any CPU
		{55447EAB-E8F5-432E-9A1F-E347A2BC4A76}.Release|Any CPU.ActiveCfg = Release|Any CPU
		{55447EAB-E8F5-432E-9A1F-E347A2BC4A76}.Release|Any CPU.Build.0 = Release|Any CPU
	EndGlobalSection
	GlobalSection(SolutionProperties) = preSolution
		HideSolutionNode = FALSE
	EndGlobalSection
	GlobalSection(ExtensibilityGlobals) = postSolution
		SolutionGuid = {B39F3C87-AC9A-4C4C-9BAC-B455543FCFC9}
	EndGlobalSection
EndGlobal
